
Microsoft Visual Studio Solution File, Format Version 12.00
# Visual Studio Version 16
VisualStudioVersion = 16.0.32901.82
MinimumVisualStudioVersion = 10.0.40219.1
Project("{FAE04EC0-301F-11D3-BF4B-00C04F79EFBC}") = "App.API", "App.API\App.API.csproj", "{DDBA29A1-5817-4E20-B7C9-DFADB522FEB6}"
EndProject
Project("{FAE04EC0-301F-11D3-BF4B-00C04F79EFBC}") = "App.Domain", "App.Domain\App.Domain.csproj", "{70999E8F-570A-479D-95B5-98F5A6711188}"
EndProject
Project("{FAE04EC0-301F-11D3-BF4B-00C04F79EFBC}") = "App.DataAccess", "App.DataAccess\App.DataAccess.csproj", "{C6E6A38E-4DD6-46D7-87DA-CAAB910BCA95}"
EndProject
Global
	GlobalSection(SolutionConfigurationPlatforms) = preSolution
		Debug|Any CPU = Debug|Any CPU
		Release|Any CPU = Release|Any CPU
	EndGlobalSection
	GlobalSection(ProjectConfigurationPlatforms) = postSolution
		{DDBA29A1-5817-4E20-B7C9-DFADB522FEB6}.Debug|Any CPU.ActiveCfg = Debug|Any CPU
		{DDBA29A1-5817-4E20-B7C9-DFADB522FEB6}.Debug|Any CPU.Build.0 = Debug|Any CPU
		{DDBA29A1-5817-4E20-B7C9-DFADB522FEB6}.Release|Any CPU.ActiveCfg = Release|Any CPU
		{DDBA29A1-5817-4E20-B7C9-DFADB522FEB6}.Release|Any CPU.Build.0 = Release|Any CPU
		{70999E8F-570A-479D-95B5-98F5A6711188}.Debug|Any CPU.ActiveCfg = Debug|Any CPU
		{70999E8F-570A-479D-95B5-98F5A6711188}.Debug|Any CPU.Build.0 = Debug|Any CPU
		{70999E8F-570A-479D-95B5-98F5A6711188}.Release|Any CPU.ActiveCfg = Release|Any CPU
		{70999E8F-570A-479D-95B5-98F5A6711188}.Release|Any CPU.Build.0 = Release|Any CPU
		{C6E6A38E-4DD6-46D7-87DA-CAAB910BCA95}.Debug|Any CPU.ActiveCfg = Debug|Any CPU
		{C6E6A38E-4DD6-46D7-87DA-CAAB910BCA95}.Debug|Any CPU.Build.0 = Debug|Any CPU
		{C6E6A38E-4DD6-46D7-87DA-CAAB910BCA95}.Release|Any CPU.ActiveCfg = Release|Any CPU
		{C6E6A38E-4DD6-46D7-87DA-CAAB910BCA95}.Release|Any CPU.Build.0 = Release|Any CPU
	EndGlobalSection
	GlobalSection(SolutionProperties) = preSolution
		HideSolutionNode = FALSE
	EndGlobalSection
	GlobalSection(ExtensibilityGlobals) = postSolution
		SolutionGuid = {896F2438-DC3A-4651-AEB1-02357287166A}
	EndGlobalSection
EndGlobal
