
Microsoft Visual Studio Solution File, Format Version 12.00
# Visual Studio Version 16
VisualStudioVersion = 16.0.32901.82
MinimumVisualStudioVersion = 10.0.40219.1
Project("{FAE04EC0-301F-11D3-BF4B-00C04F79EFBC}") = "ClientsService.WCF", "ClientsService.WCF\ClientsService.WCF.csproj", "{19ED5E6A-B33E-40B1-BC26-13946A0A2200}"
EndProject
Global
	GlobalSection(SolutionConfigurationPlatforms) = preSolution
		Debug|Any CPU = Debug|Any CPU
		Release|Any CPU = Release|Any CPU
	EndGlobalSection
	GlobalSection(ProjectConfigurationPlatforms) = postSolution
		{19ED5E6A-B33E-40B1-BC26-13946A0A2200}.Debug|Any CPU.ActiveCfg = Debug|Any CPU
		{19ED5E6A-B33E-40B1-BC26-13946A0A2200}.Debug|Any CPU.Build.0 = Debug|Any CPU
		{19ED5E6A-B33E-40B1-BC26-13946A0A2200}.Release|Any CPU.ActiveCfg = Release|Any CPU
		{19ED5E6A-B33E-40B1-BC26-13946A0A2200}.Release|Any CPU.Build.0 = Release|Any CPU
	EndGlobalSection
	GlobalSection(SolutionProperties) = preSolution
		HideSolutionNode = FALSE
	EndGlobalSection
	GlobalSection(ExtensibilityGlobals) = postSolution
		SolutionGuid = {7B8BD1A5-1D34-4989-AF1C-881E77779217}
	EndGlobalSection
EndGlobal
